Microsoft Visual Studio Solution File, Format Version 12.00
# Visual Studio Version 17
VisualStudioVersion = 17.5.2.0
MinimumVisualStudioVersion = 10.0.40219.1
Project("{FAE04EC0-301F-11D3-BF4B-00C04F79EFBC}") = "OrderManagement.Tests", "OrderManagement.Tests.csproj", "{11CD6916-5970-FC27-9D7D-0B42C4B94F76}"
EndProject
Global
	GlobalSection(SolutionConfigurationPlatforms) = preSolution
		Debug|Any CPU = Debug|Any CPU
		Release|Any CPU = Release|Any CPU
	EndGlobalSection
	GlobalSection(ProjectConfigurationPlatforms) = postSolution
		{11CD6916-5970-FC27-9D7D-0B42C4B94F76}.Debug|Any CPU.ActiveCfg = Debug|Any CPU
		{11CD6916-5970-FC27-9D7D-0B42C4B94F76}.Debug|Any CPU.Build.0 = Debug|Any CPU
		{11CD6916-5970-FC27-9D7D-0B42C4B94F76}.Release|Any CPU.ActiveCfg = Release|Any CPU
		{11CD6916-5970-FC27-9D7D-0B42C4B94F76}.Release|Any CPU.Build.0 = Release|Any CPU
	EndGlobalSection
	GlobalSection(SolutionProperties) = preSolution
		HideSolutionNode = FALSE
	EndGlobalSection
	GlobalSection(ExtensibilityGlobals) = postSolution
		SolutionGuid = {0AC6BC98-0A59-4801-9071-828002601702}
	EndGlobalSection
EndGlobal
